{
  "lockfileVersion": 2,
  "configVersion": 1,
  "workspaces": {
    "": {
      "name": "mlx-bun-workspace",
      "devDependencies": {
        "@types/bun": "1.3.14",
        "typescript": "6.0.3",
      },
    },
    "apps/mlx-bun": {
      "name": "mlx-bun",
      "version": "0.0.0",
      "bin": {
        "mlx-bun": "./src/cli/main.ts",
      },
      "dependencies": {
        "@mlx-bun/hub": "workspace:*",
        "@mlx-bun/inference": "workspace:*",
      },
    },
    "packages/hub": {
      "name": "@mlx-bun/hub",
      "version": "0.0.0",
      "dependencies": {
        "@mlx-bun/inference": "workspace:*",
      },
    },
    "packages/inference": {
      "name": "@mlx-bun/inference",
      "version": "0.0.0",
      "dependencies": {
        "@huggingface/jinja": "^0.5.9",
        "@huggingface/tokenizers": "^0.1.3",
        "@mlc-ai/web-xgrammar": "^0.1.27",
        "@mlx-bun/mlx": "workspace:*",
        "fast-png": "^8.0.0",
      },
    },
    "packages/mlx": {
      "name": "@mlx-bun/mlx",
      "version": "0.0.0",
    },
    "packages/quantize": {
      "name": "@mlx-bun/quantize",
      "version": "0.0.0",
      "dependencies": {
        "@mlx-bun/inference": "workspace:*",
        "@mlx-bun/mlx": "workspace:*",
      },
    },
    "packages/training": {
      "name": "@mlx-bun/training",
      "version": "0.0.0",
      "dependencies": {
        "@mlx-bun/inference": "workspace:*",
        "@mlx-bun/mlx": "workspace:*",
        "@mlx-bun/quantize": "workspace:*",
      },
    },
  },
  "packages": {
    "@huggingface/jinja": ["@huggingface/jinja@0.5.10", "", {}, "sha512-SgS1D1bglQ94ceD4ZCL6eayUDy9uV1xuyk61OjgSxU5GJh7upqZCKII0JoTYMc6wWsg3JUgaPRX0ElQzXPk3Cw=="],

    "@huggingface/tokenizers": ["@huggingface/tokenizers@0.1.3", "", {}, "sha512-8rF/RRT10u+kn7YuUbUg0OF30K8rjTc78aHpxT+qJ1uWSqxT1MHi8+9ltwYfkFYJzT/oS+qw3JVfHtNMGAdqyA=="],

    "@mlc-ai/web-xgrammar": ["@mlc-ai/web-xgrammar@0.1.27", "", {}, "sha512-0WJvW3mjotHA2NeAfaWFE2pQkOgXH9xC2U4IQOJNcioLac0k6VjSbj14jBRprt89frnPzxLo280riaEb+ZQqbg=="],

    "@mlx-bun/hub": ["@mlx-bun/hub@workspace:packages/hub"],

    "@mlx-bun/inference": ["@mlx-bun/inference@workspace:packages/inference"],

    "@mlx-bun/mlx": ["@mlx-bun/mlx@workspace:packages/mlx"],

    "@mlx-bun/quantize": ["@mlx-bun/quantize@workspace:packages/quantize"],

    "@mlx-bun/training": ["@mlx-bun/training@workspace:packages/training"],

    "@types/bun": ["@types/bun@1.3.14", "", { "dependencies": { "bun-types": "1.3.14" } }, "sha512-h1hFqFVcvAvD9j9K7ZW7vd82aSA+rTdznZa+5bwvCwqSB1jmmfLcbIWhOLx1/+boy/xmjgCs/OMUL8hRJSmnPw=="],

    "@types/node": ["@types/node@26.6.2", "", { "dependencies": { "undici-types": "~8.9.0" } }, "sha512-X1P21scMv4zGKLYqjdGjaKa7COa0RKVYYZZN/NfvLQ1JegxFhdhpZG/Lyn8AXx6CDUavKAd11v6BvfpkDByK8g=="],

    "bun-types": ["bun-types@1.3.14", "", { "dependencies": { "@types/node": "*" } }, "sha512-4N0ig0fEomHt5R0KCFWjovxow98rIoRwKolrYdCcknNwMekCXRnWEUvgu5soYV8QXtVsrUD8B95MBOZGPvr6KQ=="],

    "fast-png": ["fast-png@8.0.0", "", { "dependencies": { "fflate": "^0.8.2", "iobuffer": "^6.0.1" } }, "sha512-gCysNasJ8KEMgfdYIKd/wTDo6ENK1PWT0RJO7O+0pgmuHPw2O6tA1WvdxFRJoLf9V8yFYpG0FA1YgI8X97OhJA=="],

    "fflate": ["fflate@0.8.3", "", {}, "sha512-tbZNuJrLwGUp3zshBtdy4W+ORxZuIh8a5ilyIEQDC5rY1f3U20JMry0Ll3WBzU58EZKsEuJFXhb5gwv8CsPvgA=="],

    "iobuffer": ["iobuffer@6.0.1", "", {}, "sha512-SZWYkWNfjIXIBYSDpXDYIgshqtbOPsi4lviawAEceR1Kqk+sHDlcQjWrzNQsii80AyBY0q5c8HCTNjqo74ul+Q=="],

    "mlx-bun": ["mlx-bun@workspace:apps/mlx-bun"],

    "typescript": ["typescript@6.0.3", "", { "bin": { "tsc": "bin/tsc", "tsserver": "bin/tsserver" } }, "sha512-y2TvuxSZPDyQakkFRPZHKFm+KKVqIisdg9/CZwm9ftvKXLP8NRWj38/ODjNbr43SsoXqNuAisEf1GdCxqWcdBw=="],

    "undici-types": ["undici-types@8.9.0", "", {}, "sha512-KTDyRTYX8sWmKXAikPHHSyc63CRPETMctyjKFupcC6OBLXT3xsN0e9aF7m+mIXutFWpUXuedtowG7iLOzp0kQg=="],
  }
}
